// !$*UTF8*$!
{
	archiveVersion = 1;
	classes = {
	};
	objectVersion = 46;
	objects = {

/* Begin PBXBuildFile section */
		04D293671E20C95700AF7A44 /* Main.storyboard in Resources */ = {isa = PBXBuildFile; fileRef = 04D293651E20C95700AF7A44 /* Main.storyboard */; };
		04D293691E20C95700AF7A44 /* Assets.xcassets in Resources */ = {isa = PBXBuildFile; fileRef = 04D293681E20C95700AF7A44 /* Assets.xcassets */; };
		04D2936C1E20C95700AF7A44 /* LaunchScreen.storyboard in Resources */ = {isa = PBXBuildFile; fileRef = 04D2936A1E20C95700AF7A44 /* LaunchScreen.storyboard */; };
		04D293801E20CCD100AF7A44 /* AppDelegate.m in Sources */ = {isa = PBXBuildFile; fileRef = 04D2937C1E20CCD100AF7A44 /* AppDelegate.m */; };
		04D293811E20CCD100AF7A44 /* Info.plist in Resources */ = {isa = PBXBuildFile; fileRef = 04D2937D1E20CCD100AF7A44 /* Info.plist */; };
		04D293821E20CCD100AF7A44 /* main.m in Sources */ = {isa = PBXBuildFile; fileRef = 04D2937E1E20CCD100AF7A44 /* main.m */; };
		572CB2C6874579DC1243A28A /* Pods_MYFM.framework in Frameworks */ = {isa = PBXBuildFile; fileRef = 9FA111928EC0625E77F1C46A /* Pods_MYFM.framework */; };
/* End PBXBuildFile section */

/* Begin PBXFileReference section */
		04D293591E20C95700AF7A44 /* MYFM.app */ = {isa = PBXFileReference; explicitFileType = wrapper.application; includeInIndex = 0; path = MYFM.app; sourceTree = BUILT_PRODUCTS_DIR; };
		04D293661E20C95700AF7A44 /* Base */ = {isa = PBXFileReference; lastKnownFileType = file.storyboard; name = Base; path = Base.lproj/Main.storyboard; sourceTree = "<group>"; };
		04D293681E20C95700AF7A44 /* Assets.xcassets */ = {isa = PBXFileReference; lastKnownFileType = folder.assetcatalog; path = Assets.xcassets; sourceTree = "<group>"; };
		04D2936B1E20C95700AF7A44 /* Base */ = {isa = PBXFileReference; lastKnownFileType = file.storyboard; name = Base; path = Base.lproj/LaunchScreen.storyboard; sourceTree = "<group>"; };
		04D2937B1E20CCD100AF7A44 /* AppDelegate.h */ = {isa = PBXFileReference; fileEncoding = 4; lastKnownFileType = sourcecode.c.h; path = AppDelegate.h; sourceTree = "<group>"; };
		04D2937C1E20CCD100AF7A44 /* AppDelegate.m */ = {isa = PBXFileReference; fileEncoding = 4; lastKnownFileType = sourcecode.c.objc; path = AppDelegate.m; sourceTree = "<group>"; };
		04D2937D1E20CCD100AF7A44 /* Info.plist */ = {isa = PBXFileReference; fileEncoding = 4; lastKnownFileType = text.plist.xml; path = Info.plist; sourceTree = "<group>"; };
		04D2937E1E20CCD100AF7A44 /* main.m */ = {isa = PBXFileReference; fileEncoding = 4; lastKnownFileType = sourcecode.c.objc; path = main.m; sourceTree = "<group>"; };
		62921DDCF79F2DE19014AC96 /* Pods-MYFM.release.xcconfig */ = {isa = PBXFileReference; includeInIndex = 1; lastKnownFileType = text.xcconfig; name = "Pods-MYFM.release.xcconfig"; path = "Pods/Target Support Files/Pods-MYFM/Pods-MYFM.release.xcconfig"; sourceTree = "<group>"; };
		9FA111928EC0625E77F1C46A /* Pods_MYFM.framework */ = {isa = PBXFileReference; explicitFileType = wrapper.framework; includeInIndex = 0; path = Pods_MYFM.framework; sourceTree = BUILT_PRODUCTS_DIR; };
		E45D4E9F4A160B17BA67A5FE /* Pods-MYFM.debug.xcconfig */ = {isa = PBXFileReference; includeInIndex = 1; lastKnownFileType = text.xcconfig; name = "Pods-MYFM.debug.xcconfig"; path = "Pods/Target Support Files/Pods-MYFM/Pods-MYFM.debug.xcconfig"; sourceTree = "<group>"; };
/* End PBXFileReference section */

/* Begin PBXFrameworksBuildPhase section */
		04D293561E20C95700AF7A44 /* Frameworks */ = {
			isa = PBXFrameworksBuildPhase;
			buildActionMask = 2147483647;
			files = (
				572CB2C6874579DC1243A28A /* Pods_MYFM.framework in Frameworks */,
			);
			runOnlyForDeploymentPostprocessing = 0;
		};
/* End PBXFrameworksBuildPhase section */

/* Begin PBXGroup section */
		04D293501E20C95700AF7A44 = {
			isa = PBXGroup;
			children = (
				04D2935B1E20C95700AF7A44 /* MYFM */,
				04D2935A1E20C95700AF7A44 /* Products */,
				4559BA86E2DDD181E051765C /* Pods */,
				659DBDAFEC4AD3E571F5F8A9 /* Frameworks */,
			);
			sourceTree = "<group>";
		};
		04D2935A1E20C95700AF7A44 /* Products */ = {
			isa = PBXGroup;
			children = (
				04D293591E20C95700AF7A44 /* MYFM.app */,
			);
			name = Products;
			sourceTree = "<group>";
		};
		04D2935B1E20C95700AF7A44 /* MYFM */ = {
			isa = PBXGroup;
			children = (
				04D293731E20CCD100AF7A44 /* Classes */,
				04D2935C1E20C95700AF7A44 /* Supporting Files */,
			);
			path = MYFM;
			sourceTree = "<group>";
		};
		04D2935C1E20C95700AF7A44 /* Supporting Files */ = {
			isa = PBXGroup;
			children = (
				04D293651E20C95700AF7A44 /* Main.storyboard */,
				04D293681E20C95700AF7A44 /* Assets.xcassets */,
				04D2936A1E20C95700AF7A44 /* LaunchScreen.storyboard */,
			);
			name = "Supporting Files";
			sourceTree = "<group>";
		};
		04D293731E20CCD100AF7A44 /* Classes */ = {
			isa = PBXGroup;
			children = (
				04D293791E20CCD100AF7A44 /* Other */,
			);
			path = Classes;
			sourceTree = "<group>";
		};
		04D293791E20CCD100AF7A44 /* Other */ = {
			isa = PBXGroup;
			children = (
				04D2937A1E20CCD100AF7A44 /* System */,
			);
			path = Other;
			sourceTree = "<group>";
		};
		04D2937A1E20CCD100AF7A44 /* System */ = {
			isa = PBXGroup;
			children = (
				04D2937B1E20CCD100AF7A44 /* AppDelegate.h */,
				04D2937C1E20CCD100AF7A44 /* AppDelegate.m */,
				04D2937D1E20CCD100AF7A44 /* Info.plist */,
				04D2937E1E20CCD100AF7A44 /* main.m */,
			);
			path = System;
			sourceTree = "<group>";
		};
		4559BA86E2DDD181E051765C /* Pods */ = {
			isa = PBXGroup;
			children = (
				E45D4E9F4A160B17BA67A5FE /* Pods-MYFM.debug.xcconfig */,
				62921DDCF79F2DE19014AC96 /* Pods-MYFM.release.xcconfig */,
			);
			name = Pods;
			sourceTree = "<group>";
		};
		659DBDAFEC4AD3E571F5F8A9 /* Frameworks */ = {
			isa = PBXGroup;
			children = (
				9FA111928EC0625E77F1C46A /* Pods_MYFM.framework */,
			);
			name = Frameworks;
			sourceTree = "<group>";
		};
/* End PBXGroup section */

/* Begin PBXNativeTarget section */
		04D293581E20C95700AF7A44 /* MYFM */ = {
			isa = PBXNativeTarget;
			buildConfigurationList = 04D293701E20C95700AF7A44 /* Build configuration list for PBXNativeTarget "MYFM" */;
			buildPhases = (
				8FD1E72AF3FE66ED95C4AFE9 /* [CP] Check Pods Manifest.lock */,
				04D293551E20C95700AF7A44 /* Sources */,
				04D293561E20C95700AF7A44 /* Frameworks */,
				04D293571E20C95700AF7A44 /* Resources */,
				35F1430B286E2ECBA893A36C /* [CP] Embed Pods Frameworks */,
				D12DD6D797009F06ADB23D93 /* [CP] Copy Pods Resources */,
			);
			buildRules = (
			);
			dependencies = (
			);
			name = MYFM;
			productName = MYFM;
			productReference = 04D293591E20C95700AF7A44 /* MYFM.app */;
			productType = "com.apple.product-type.application";
		};
/* End PBXNativeTarget section */

/* Begin PBXProject section */
		04D293511E20C95700AF7A44 /* Project object */ = {
			isa = PBXProject;
			attributes = {
				CLASSPREFIX = MY;
				LastUpgradeCheck = 0820;
				ORGANIZATIONNAME = baidu;
				TargetAttributes = {
					04D293581E20C95700AF7A44 = {
						CreatedOnToolsVersion = 8.2;
						DevelopmentTeam = 7448PDV238;
						ProvisioningStyle = Automatic;
					};
				};
			};
			buildConfigurationList = 04D293541E20C95700AF7A44 /* Build configuration list for PBXProject "MYFM" */;
			compatibilityVersion = "Xcode 3.2";
			developmentRegion = English;
			hasScannedForEncodings = 0;
			knownRegions = (
				en,
				Base,
			);
			mainGroup = 04D293501E20C95700AF7A44;
			productRefGroup = 04D2935A1E20C95700AF7A44 /* Products */;
			projectDirPath = "";
			projectRoot = "";
			targets = (
				04D293581E20C95700AF7A44 /* MYFM */,
			);
		};
/* End PBXProject section */

/* Begin PBXResourcesBuildPhase section */
		04D293571E20C95700AF7A44 /* Resources */ = {
			isa = PBXResourcesBuildPhase;
			buildActionMask = 2147483647;
			files = (
				04D293811E20CCD100AF7A44 /* Info.plist in Resources */,
				04D2936C1E20C95700AF7A44 /* LaunchScreen.storyboard in Resources */,
				04D293691E20C95700AF7A44 /* Assets.xcassets in Resources */,
				04D293671E20C95700AF7A44 /* Main.storyboard in Resources */,
			);
			runOnlyForDeploymentPostprocessing = 0;
		};
/* End PBXResourcesBuildPhase section */

/* Begin PBXShellScriptBuildPhase section */
		35F1430B286E2ECBA893A36C /* [CP] Embed Pods Frameworks */ = {
			isa = PBXShellScriptBuildPhase;
			buildActionMask = 2147483647;
			files = (
			);
			inputPaths = (
			);
			name = "[CP] Embed Pods Frameworks";
			outputPaths = (
			);
			runOnlyForDeploymentPostprocessing = 0;
			shellPath = /bin/sh;
			shellScript = "\"${SRCROOT}/Pods/Target Support Files/Pods-MYFM/Pods-MYFM-frameworks.sh\"\n";
			showEnvVarsInLog = 0;
		};
		8FD1E72AF3FE66ED95C4AFE9 /* [CP] Check Pods Manifest.lock */ = {
			isa = PBXShellScriptBuildPhase;
			buildActionMask = 2147483647;
			files = (
			);
			inputPaths = (
			);
			name = "[CP] Check Pods Manifest.lock";
			outputPaths = (
			);
			runOnlyForDeploymentPostprocessing = 0;
			shellPath = /bin/sh;
			shellScript = "diff \"${PODS_PODFILE_DIR_PATH}/Podfile.lock\" \"${PODS_ROOT}/Manifest.lock\" > /dev/null\nif [ $? != 0 ] ; then\n    # print error to STDERR\n    echo \"error: The sandbox is not in sync with the Podfile.lock. Run 'pod install' or update your CocoaPods installation.\" >&2\n    exit 1\nfi\n";
			showEnvVarsInLog = 0;
		};
		D12DD6D797009F06ADB23D93 /* [CP] Copy Pods Resources */ = {
			isa = PBXShellScriptBuildPhase;
			buildActionMask = 2147483647;
			files = (
			);
			inputPaths = (
			);
			name = "[CP] Copy Pods Resources";
			outputPaths = (
			);
			runOnlyForDeploymentPostprocessing = 0;
			shellPath = /bin/sh;
			shellScript = "\"${SRCROOT}/Pods/Target Support Files/Pods-MYFM/Pods-MYFM-resources.sh\"\n";
			showEnvVarsInLog = 0;
		};
/* End PBXShellScriptBuildPhase section */

/* Begin PBXSourcesBuildPhase section */
		04D293551E20C95700AF7A44 /* Sources */ = {
			isa = PBXSourcesBuildPhase;
			buildActionMask = 2147483647;
			files = (
				04D293821E20CCD100AF7A44 /* main.m in Sources */,
				04D293801E20CCD100AF7A44 /* AppDelegate.m in Sources */,
			);
			runOnlyForDeploymentPostprocessing = 0;
		};
/* End PBXSourcesBuildPhase section */

/* Begin PBXVariantGroup section */
		04D293651E20C95700AF7A44 /* Main.storyboard */ = {
			isa = PBXVariantGroup;
			children = (
				04D293661E20C95700AF7A44 /* Base */,
			);
			name = Main.storyboard;
			sourceTree = "<group>";
		};
		04D2936A1E20C95700AF7A44 /* LaunchScreen.storyboard */ = {
			isa = PBXVariantGroup;
			children = (
				04D2936B1E20C95700AF7A44 /* Base */,
			);
			name = LaunchScreen.storyboard;
			sourceTree = "<group>";
		};
/* End PBXVariantGroup section */

/* Begin XCBuildConfiguration section */
		04D2936E1E20C95700AF7A44 /* Debug */ = {
			isa = XCBuildConfiguration;
			buildSettings = {
				ALWAYS_SEARCH_USER_PATHS = NO;
				CLANG_ANALYZER_NONNULL = YES;
				CLANG_CXX_LANGUAGE_STANDARD = "gnu++0x";
				CLANG_CXX_LIBRARY = "libc++";
				CLANG_ENABLE_MODULES = YES;
				CLANG_ENABLE_OBJC_ARC = YES;
				CLANG_WARN_BOOL_CONVERSION = YES;
				CLANG_WARN_CONSTANT_CONVERSION = YES;
				CLANG_WARN_DIRECT_OBJC_ISA_USAGE = YES_ERROR;
				CLANG_WARN_DOCUMENTATION_COMMENTS = YES;
				CLANG_WARN_EMPTY_BODY = YES;
				CLANG_WARN_ENUM_CONVERSION = YES;
				CLANG_WARN_INFINITE_RECURSION = YES;
				CLANG_WARN_INT_CONVERSION = YES;
				CLANG_WARN_OBJC_ROOT_CLASS = YES_ERROR;
				CLANG_WARN_SUSPICIOUS_MOVE = YES;
				CLANG_WARN_UNREACHABLE_CODE = YES;
				CLANG_WARN__DUPLICATE_METHOD_MATCH = YES;
				"CODE_SIGN_IDENTITY[sdk=iphoneos*]" = "iPhone Developer";
				COPY_PHASE_STRIP = NO;
				DEBUG_INFORMATION_FORMAT = dwarf;
				ENABLE_STRICT_OBJC_MSGSEND = YES;
				ENABLE_TESTABILITY = YES;
				GCC_C_LANGUAGE_STANDARD = gnu99;
				GCC_DYNAMIC_NO_PIC = NO;
				GCC_NO_COMMON_BLOCKS = YES;
				GCC_OPTIMIZATION_LEVEL = 0;
				GCC_PREPROCESSOR_DEFINITIONS = (
					"DEBUG=1",
					"$(inherited)",
				);
				GCC_WARN_64_TO_32_BIT_CONVERSION = YES;
				GCC_WARN_ABOUT_RETURN_TYPE = YES_ERROR;
				GCC_WARN_UNDECLARED_SELECTOR = YES;
				GCC_WARN_UNINITIALIZED_AUTOS = YES_AGGRESSIVE;
				GCC_WARN_UNUSED_FUNCTION = YES;
				GCC_WARN_UNUSED_VARIABLE = YES;
				IPHONEOS_DEPLOYMENT_TARGET = 10.2;
				MTL_ENABLE_DEBUG_INFO = YES;
				ONLY_ACTIVE_ARCH = YES;
				SDKROOT = iphoneos;
			};
			name = Debug;
		};
		04D2936F1E20C95700AF7A44 /* Release */ = {
			isa = XCBuildConfiguration;
			buildSettings = {
				ALWAYS_SEARCH_USER_PATHS = NO;
				CLANG_ANALYZER_NONNULL = YES;
				CLANG_CXX_LANGUAGE_STANDARD = "gnu++0x";
				CLANG_CXX_LIBRARY = "libc++";
				CLANG_ENABLE_MODULES = YES;
				CLANG_ENABLE_OBJC_ARC = YES;
				CLANG_WARN_BOOL_CONVERSION = YES;
				CLANG_WARN_CONSTANT_CONVERSION = YES;
				CLANG_WARN_DIRECT_OBJC_ISA_USAGE = YES_ERROR;
				CLANG_WARN_DOCUMENTATION_COMMENTS = YES;
				CLANG_WARN_EMPTY_BODY = YES;
				CLANG_WARN_ENUM_CONVERSION = YES;
				CLANG_WARN_INFINITE_RECURSION = YES;
				CLANG_WARN_INT_CONVERSION = YES;
				CLANG_WARN_OBJC_ROOT_CLASS = YES_ERROR;
				CLANG_WARN_SUSPICIOUS_MOVE = YES;
				CLANG_WARN_UNREACHABLE_CODE = YES;
				CLANG_WARN__DUPLICATE_METHOD_MATCH = YES;
				"CODE_SIGN_IDENTITY[sdk=iphoneos*]" = "iPhone Developer";
				COPY_PHASE_STRIP = NO;
				DEBUG_INFORMATION_FORMAT = "dwarf-with-dsym";
				ENABLE_NS_ASSERTIONS = NO;
				ENABLE_STRICT_OBJC_MSGSEND = YES;
				GCC_C_LANGUAGE_STANDARD = gnu99;
				GCC_NO_COMMON_BLOCKS = YES;
				GCC_WARN_64_TO_32_BIT_CONVERSION = YES;
				GCC_WARN_ABOUT_RETURN_TYPE = YES_ERROR;
				GCC_WARN_UNDECLARED_SELECTOR = YES;
				GCC_WARN_UNINITIALIZED_AUTOS = YES_AGGRESSIVE;
				GCC_WARN_UNUSED_FUNCTION = YES;
				GCC_WARN_UNUSED_VARIABLE = YES;
				IPHONEOS_DEPLOYMENT_TARGET = 10.2;
				MTL_ENABLE_DEBUG_INFO = NO;
				SDKROOT = iphoneos;
				VALIDATE_PRODUCT = YES;
			};
			name = Release;
		};
		04D293711E20C95700AF7A44 /* Debug */ = {
			isa = XCBuildConfiguration;
			baseConfigurationReference = E45D4E9F4A160B17BA67A5FE /* Pods-MYFM.debug.xcconfig */;
			buildSettings = {
				ASSETCATALOG_COMPILER_APPICON_NAME = AppIcon;
				ASSETCATALOG_COMPILER_LAUNCHIMAGE_NAME = LaunchImage;
				DEVELOPMENT_TEAM = 7448PDV238;
				INFOPLIST_FILE = "$(SRCROOT)/MYFM/Classes/Other/System/Info.plist";
				IPHONEOS_DEPLOYMENT_TARGET = 9.0;
				LD_RUNPATH_SEARCH_PATHS = "$(inherited) @executable_path/Frameworks";
				PRODUCT_BUNDLE_IDENTIFIER = com.aaa.MYFM;
				PRODUCT_NAME = "$(TARGET_NAME)";
			};
			name = Debug;
		};
		04D293721E20C95700AF7A44 /* Release */ = {
			isa = XCBuildConfiguration;
			baseConfigurationReference = 62921DDCF79F2DE19014AC96 /* Pods-MYFM.release.xcconfig */;
			buildSettings = {
				ASSETCATALOG_COMPILER_APPICON_NAME = AppIcon;
				ASSETCATALOG_COMPILER_LAUNCHIMAGE_NAME = LaunchImage;
				DEVELOPMENT_TEAM = 7448PDV238;
				INFOPLIST_FILE = "$(SRCROOT)/MYFM/Classes/Other/System/Info.plist";
				IPHONEOS_DEPLOYMENT_TARGET = 9.0;
				LD_RUNPATH_SEARCH_PATHS = "$(inherited) @executable_path/Frameworks";
				PRODUCT_BUNDLE_IDENTIFIER = com.aaa.MYFM;
				PRODUCT_NAME = "$(TARGET_NAME)";
			};
			name = Release;
		};
/* End XCBuildConfiguration section */

/* Begin XCConfigurationList section */
		04D293541E20C95700AF7A44 /* Build configuration list for PBXProject "MYFM" */ = {
			isa = XCConfigurationList;
			buildConfigurations = (
				04D2936E1E20C95700AF7A44 /* Debug */,
				04D2936F1E20C95700AF7A44 /* Release */,
			);
			defaultConfigurationIsVisible = 0;
			defaultConfigurationName = Release;
		};
		04D293701E20C95700AF7A44 /* Build configuration list for PBXNativeTarget "MYFM" */ = {
			isa = XCConfigurationList;
			buildConfigurations = (
				04D293711E20C95700AF7A44 /* Debug */,
				04D293721E20C95700AF7A44 /* Release */,
			);
			defaultConfigurationIsVisible = 0;
			defaultConfigurationName = Release;
		};
/* End XCConfigurationList section */
	};
	rootObject = 04D293511E20C95700AF7A44 /* Project object */;
}
