PODS:
  - AFNetworking (3.1.0):
    - AFNetworking/NSURLSession (= 3.1.0)
    - AFNetworking/Reachability (= 3.1.0)
    - AFNetworking/Security (= 3.1.0)
    - AFNetworking/Serialization (= 3.1.0)
    - AFNetworking/UIKit (= 3.1.0)
  - AFNetworking/NSURLSession (3.1.0):
    - AFNetworking/Reachability
    - AFNetworking/Security
    - AFNetworking/Serialization
  - AFNetworking/Reachability (3.1.0)
  - AFNetworking/Security (3.1.0)
  - AFNetworking/Serialization (3.1.0)
  - AFNetworking/UIKit (3.1.0):
    - AFNetworking/NSURLSession
  - MYFMBase (0.4.3):
    - MYFMBase/Base (= 0.4.3)
    - MYFMBase/Category (= 0.4.3)
    - MYFMBase/Network (= 0.4.3)
    - MYFMBase/Tool (= 0.4.3)
  - MYFMBase/Base (0.4.3)
  - MYFMBase/Category (0.4.3)
  - MYFMBase/Network (0.4.3):
    - AFNetworking
    - SDWebImage
  - MYFMBase/Tool (0.4.3)
  - MYFMMain (0.2.0):
    - MYFMBase
  - MYSegmentBar (0.2.0)
  - SDWebImage (4.0.0):
    - SDWebImage/Core (= 4.0.0)
  - SDWebImage/Core (4.0.0)

DEPENDENCIES:
  - MYFMMain
  - MYSegmentBar

SPEC CHECKSUMS:
  AFNetworking: 5e0e199f73d8626b11e79750991f5d173d1f8b67
  MYFMBase: 299009a80f68ab21c9fc9ba9e9853048d750b7c9
  MYFMMain: 5a09ef79157ab4b92b354f0b18d00c5e8431f8d3
  MYSegmentBar: 3ab33f4149aaedd31ed5afeff41c88f1e85fbbbb
  SDWebImage: 76a6348bdc74eb5a55dd08a091ef298e56b55e41

PODFILE CHECKSUM: 3a678bf09ef154055cd061f8dbfe719ca4d9861b

COCOAPODS: 1.2.1
